Microsoft Visual Studio Solution File, Format Version 12.00
# Visual Studio Version 17
VisualStudioVersion = 17.5.2.0
MinimumVisualStudioVersion = 10.0.40219.1
Project("{FAE04EC0-301F-11D3-BF4B-00C04F79EFBC}") = "Biblioteca", "Biblioteca.csproj", "{B5089620-AE29-9280-F791-CEEB18E3F943}"
EndProject
Global
	GlobalSection(SolutionConfigurationPlatforms) = preSolution
		Debug|Any CPU = Debug|Any CPU
		Release|Any CPU = Release|Any CPU
	EndGlobalSection
	GlobalSection(ProjectConfigurationPlatforms) = postSolution
		{B5089620-AE29-9280-F791-CEEB18E3F943}.Debug|Any CPU.ActiveCfg = Debug|Any CPU
		{B5089620-AE29-9280-F791-CEEB18E3F943}.Debug|Any CPU.Build.0 = Debug|Any CPU
		{B5089620-AE29-9280-F791-CEEB18E3F943}.Release|Any CPU.ActiveCfg = Release|Any CPU
		{B5089620-AE29-9280-F791-CEEB18E3F943}.Release|Any CPU.Build.0 = Release|Any CPU
	EndGlobalSection
	GlobalSection(SolutionProperties) = preSolution
		HideSolutionNode = FALSE
	EndGlobalSection
	GlobalSection(ExtensibilityGlobals) = postSolution
		SolutionGuid = {A477822D-AFD7-489D-B46D-E6F491E4000C}
	EndGlobalSection
EndGlobal
